// !$*UTF8*$!
{
	archiveVersion = 1;
	classes = {
	};
	objectVersion = 51;
	objects = {

/* Begin PBXBuildFile section */
		0F8EF871607CD1FFA8BA4B3F /* Pods_maumNote.framework in Frameworks */ = {isa = PBXBuildFile; fileRef = 3D052F07864C4BCC6B2CA44E /* Pods_maumNote.framework */; };
		3351C7EF2478059B00BECA3A /* AppDelegate.swift in Sources */ = {isa = PBXBuildFile; fileRef = 3351C7EE2478059B00BECA3A /* AppDelegate.swift */; };
		3351C7F12478059B00BECA3A /* SceneDelegate.swift in Sources */ = {isa = PBXBuildFile; fileRef = 3351C7F02478059B00BECA3A /* SceneDelegate.swift */; };
		3351C7F32478059B00BECA3A /* ListViewController.swift in Sources */ = {isa = PBXBuildFile; fileRef = 3351C7F22478059B00BECA3A /* ListViewController.swift */; };
		3351C7F62478059B00BECA3A /* Main.storyboard in Resources */ = {isa = PBXBuildFile; fileRef = 3351C7F42478059B00BECA3A /* Main.storyboard */; };
		3351C7F82478059F00BECA3A /* Assets.xcassets in Resources */ = {isa = PBXBuildFile; fileRef = 3351C7F72478059F00BECA3A /* Assets.xcassets */; };
		3351C7FB2478059F00BECA3A /* LaunchScreen.storyboard in Resources */ = {isa = PBXBuildFile; fileRef = 3351C7F92478059F00BECA3A /* LaunchScreen.storyboard */; };
		3351C80324780FE800BECA3A /* DetailNode.swift in Sources */ = {isa = PBXBuildFile; fileRef = 3351C80224780FE800BECA3A /* DetailNode.swift */; };
		3351C8052478131000BECA3A /* CellNode.swift in Sources */ = {isa = PBXBuildFile; fileRef = 3351C8042478131000BECA3A /* CellNode.swift */; };
		3351C807247813A800BECA3A /* DetailNodeViewController.swift in Sources */ = {isa = PBXBuildFile; fileRef = 3351C806247813A800BECA3A /* DetailNodeViewController.swift */; };
/* End PBXBuildFile section */

/* Begin PBXFileReference section */
		1F07FE1DC1B30E4219862B7D /* Pods-maumNote.debug.xcconfig */ = {isa = PBXFileReference; includeInIndex = 1; lastKnownFileType = text.xcconfig; name = "Pods-maumNote.debug.xcconfig"; path = "Target Support Files/Pods-maumNote/Pods-maumNote.debug.xcconfig"; sourceTree = "<group>"; };
		3351C7EB2478059B00BECA3A /* maumNote.app */ = {isa = PBXFileReference; explicitFileType = wrapper.application; includeInIndex = 0; path = maumNote.app; sourceTree = BUILT_PRODUCTS_DIR; };
		3351C7EE2478059B00BECA3A /* AppDelegate.swift */ = {isa = PBXFileReference; lastKnownFileType = sourcecode.swift; path = AppDelegate.swift; sourceTree = "<group>"; };
		3351C7F02478059B00BECA3A /* SceneDelegate.swift */ = {isa = PBXFileReference; lastKnownFileType = sourcecode.swift; path = SceneDelegate.swift; sourceTree = "<group>"; };
		3351C7F22478059B00BECA3A /* ListViewController.swift */ = {isa = PBXFileReference; lastKnownFileType = sourcecode.swift; path = ListViewController.swift; sourceTree = "<group>"; };
		3351C7F52478059B00BECA3A /* Base */ = {isa = PBXFileReference; lastKnownFileType = file.storyboard; name = Base; path = Base.lproj/Main.storyboard; sourceTree = "<group>"; };
		3351C7F72478059F00BECA3A /* Assets.xcassets */ = {isa = PBXFileReference; lastKnownFileType = folder.assetcatalog; path = Assets.xcassets; sourceTree = "<group>"; };
		3351C7FA2478059F00BECA3A /* Base */ = {isa = PBXFileReference; lastKnownFileType = file.storyboard; name = Base; path = Base.lproj/LaunchScreen.storyboard; sourceTree = "<group>"; };
		3351C7FC2478059F00BECA3A /* Info.plist */ = {isa = PBXFileReference; lastKnownFileType = text.plist.xml; path = Info.plist; sourceTree = "<group>"; };
		3351C80224780FE800BECA3A /* DetailNode.swift */ = {isa = PBXFileReference; lastKnownFileType = sourcecode.swift; path = DetailNode.swift; sourceTree = "<group>"; };
		3351C8042478131000BECA3A /* CellNode.swift */ = {isa = PBXFileReference; lastKnownFileType = sourcecode.swift; path = CellNode.swift; sourceTree = "<group>"; };
		3351C806247813A800BECA3A /* DetailNodeViewController.swift */ = {isa = PBXFileReference; lastKnownFileType = sourcecode.swift; path = DetailNodeViewController.swift; sourceTree = "<group>"; };
		386A2C7E344E199A548A1779 /* Pods-maumNote.release.xcconfig */ = {isa = PBXFileReference; includeInIndex = 1; lastKnownFileType = text.xcconfig; name = "Pods-maumNote.release.xcconfig"; path = "Target Support Files/Pods-maumNote/Pods-maumNote.release.xcconfig"; sourceTree = "<group>"; };
		3D052F07864C4BCC6B2CA44E /* Pods_maumNote.framework */ = {isa = PBXFileReference; explicitFileType = wrapper.framework; includeInIndex = 0; path = Pods_maumNote.framework; sourceTree = BUILT_PRODUCTS_DIR; };
/* End PBXFileReference section */

/* Begin PBXFrameworksBuildPhase section */
		3351C7E82478059B00BECA3A /* Frameworks */ = {
			isa = PBXFrameworksBuildPhase;
			buildActionMask = 2147483647;
			files = (
				0F8EF871607CD1FFA8BA4B3F /* Pods_maumNote.framework in Frameworks */,
			);
			runOnlyForDeploymentPostprocessing = 0;
		};
/* End PBXFrameworksBuildPhase section */

/* Begin PBXGroup section */
		18080ADF3453A8D97D7B021B /* Frameworks */ = {
			isa = PBXGroup;
			children = (
				3D052F07864C4BCC6B2CA44E /* Pods_maumNote.framework */,
			);
			name = Frameworks;
			sourceTree = "<group>";
		};
		3351C7E22478059B00BECA3A = {
			isa = PBXGroup;
			children = (
				3351C7ED2478059B00BECA3A /* maumNote */,
				3351C7EC2478059B00BECA3A /* Products */,
				6EF6069A49CE1093ED10471A /* Pods */,
				18080ADF3453A8D97D7B021B /* Frameworks */,
			);
			sourceTree = "<group>";
		};
		3351C7EC2478059B00BECA3A /* Products */ = {
			isa = PBXGroup;
			children = (
				3351C7EB2478059B00BECA3A /* maumNote.app */,
			);
			name = Products;
			sourceTree = "<group>";
		};
		3351C7ED2478059B00BECA3A /* maumNote */ = {
			isa = PBXGroup;
			children = (
				3351C80B247826EB00BECA3A /* ViewController */,
				3351C80A247826E000BECA3A /* Node */,
				3351C7EE2478059B00BECA3A /* AppDelegate.swift */,
				3351C7F02478059B00BECA3A /* SceneDelegate.swift */,
				3351C7F42478059B00BECA3A /* Main.storyboard */,
				3351C7F72478059F00BECA3A /* Assets.xcassets */,
				3351C7F92478059F00BECA3A /* LaunchScreen.storyboard */,
				3351C7FC2478059F00BECA3A /* Info.plist */,
			);
			path = maumNote;
			sourceTree = "<group>";
		};
		3351C80A247826E000BECA3A /* Node */ = {
			isa = PBXGroup;
			children = (
				3351C80224780FE800BECA3A /* DetailNode.swift */,
				3351C8042478131000BECA3A /* CellNode.swift */,
			);
			path = Node;
			sourceTree = "<group>";
		};
		3351C80B247826EB00BECA3A /* ViewController */ = {
			isa = PBXGroup;
			children = (
				3351C7F22478059B00BECA3A /* ListViewController.swift */,
				3351C806247813A800BECA3A /* DetailNodeViewController.swift */,
			);
			path = ViewController;
			sourceTree = "<group>";
		};
		6EF6069A49CE1093ED10471A /* Pods */ = {
			isa = PBXGroup;
			children = (
				1F07FE1DC1B30E4219862B7D /* Pods-maumNote.debug.xcconfig */,
				386A2C7E344E199A548A1779 /* Pods-maumNote.release.xcconfig */,
			);
			path = Pods;
			sourceTree = "<group>";
		};
/* End PBXGroup section */

/* Begin PBXNativeTarget section */
		3351C7EA2478059B00BECA3A /* maumNote */ = {
			isa = PBXNativeTarget;
			buildConfigurationList = 3351C7FF2478059F00BECA3A /* Build configuration list for PBXNativeTarget "maumNote" */;
			buildPhases = (
				A850C9C621FFE46393C6DF13 /* [CP] Check Pods Manifest.lock */,
				3351C7E72478059B00BECA3A /* Sources */,
				3351C7E82478059B00BECA3A /* Frameworks */,
				3351C7E92478059B00BECA3A /* Resources */,
				5E7F919DB523C4C593BEFF5D /* [CP] Embed Pods Frameworks */,
			);
			buildRules = (
			);
			dependencies = (
			);
			name = maumNote;
			productName = maumNote;
			productReference = 3351C7EB2478059B00BECA3A /* maumNote.app */;
			productType = "com.apple.product-type.application";
		};
/* End PBXNativeTarget section */

/* Begin PBXProject section */
		3351C7E32478059B00BECA3A /* Project object */ = {
			isa = PBXProject;
			attributes = {
				LastSwiftUpdateCheck = 1130;
				LastUpgradeCheck = 1130;
				ORGANIZATIONNAME = "joon-ho kil";
				TargetAttributes = {
					3351C7EA2478059B00BECA3A = {
						CreatedOnToolsVersion = 11.3.1;
					};
				};
			};
			buildConfigurationList = 3351C7E62478059B00BECA3A /* Build configuration list for PBXProject "maumNote" */;
			compatibilityVersion = "Xcode 9.3";
			developmentRegion = en;
			hasScannedForEncodings = 0;
			knownRegions = (
				en,
				Base,
			);
			mainGroup = 3351C7E22478059B00BECA3A;
			productRefGroup = 3351C7EC2478059B00BECA3A /* Products */;
			projectDirPath = "";
			projectRoot = "";
			targets = (
				3351C7EA2478059B00BECA3A /* maumNote */,
			);
		};
/* End PBXProject section */

/* Begin PBXResourcesBuildPhase section */
		3351C7E92478059B00BECA3A /* Resources */ = {
			isa = PBXResourcesBuildPhase;
			buildActionMask = 2147483647;
			files = (
				3351C7FB2478059F00BECA3A /* LaunchScreen.storyboard in Resources */,
				3351C7F82478059F00BECA3A /* Assets.xcassets in Resources */,
				3351C7F62478059B00BECA3A /* Main.storyboard in Resources */,
			);
			runOnlyForDeploymentPostprocessing = 0;
		};
/* End PBXResourcesBuildPhase section */

/* Begin PBXShellScriptBuildPhase section */
		5E7F919DB523C4C593BEFF5D /* [CP] Embed Pods Frameworks */ = {
			isa = PBXShellScriptBuildPhase;
			buildActionMask = 2147483647;
			files = (
			);
			inputFileListPaths = (
				"${PODS_ROOT}/Target Support Files/Pods-maumNote/Pods-maumNote-frameworks-${CONFIGURATION}-input-files.xcfilelist",
			);
			name = "[CP] Embed Pods Frameworks";
			outputFileListPaths = (
				"${PODS_ROOT}/Target Support Files/Pods-maumNote/Pods-maumNote-frameworks-${CONFIGURATION}-output-files.xcfilelist",
			);
			runOnlyForDeploymentPostprocessing = 0;
			shellPath = /bin/sh;
			shellScript = "\"${PODS_ROOT}/Target Support Files/Pods-maumNote/Pods-maumNote-frameworks.sh\"\n";
			showEnvVarsInLog = 0;
		};
		A850C9C621FFE46393C6DF13 /* [CP] Check Pods Manifest.lock */ = {
			isa = PBXShellScriptBuildPhase;
			buildActionMask = 2147483647;
			files = (
			);
			inputFileListPaths = (
			);
			inputPaths = (
				"${PODS_PODFILE_DIR_PATH}/Podfile.lock",
				"${PODS_ROOT}/Manifest.lock",
			);
			name = "[CP] Check Pods Manifest.lock";
			outputFileListPaths = (
			);
			outputPaths = (
				"$(DERIVED_FILE_DIR)/Pods-maumNote-checkManifestLockResult.txt",
			);
			runOnlyForDeploymentPostprocessing = 0;
			shellPath = /bin/sh;
			shellScript = "diff \"${PODS_PODFILE_DIR_PATH}/Podfile.lock\" \"${PODS_ROOT}/Manifest.lock\" > /dev/null\nif [ $? != 0 ] ; then\n    # print error to STDERR\n    echo \"error: The sandbox is not in sync with the Podfile.lock. Run 'pod install' or update your CocoaPods installation.\" >&2\n    exit 1\nfi\n# This output is used by Xcode 'outputs' to avoid re-running this script phase.\necho \"SUCCESS\" > \"${SCRIPT_OUTPUT_FILE_0}\"\n";
			showEnvVarsInLog = 0;
		};
/* End PBXShellScriptBuildPhase section */

/* Begin PBXSourcesBuildPhase section */
		3351C7E72478059B00BECA3A /* Sources */ = {
			isa = PBXSourcesBuildPhase;
			buildActionMask = 2147483647;
			files = (
				3351C8052478131000BECA3A /* CellNode.swift in Sources */,
				3351C80324780FE800BECA3A /* DetailNode.swift in Sources */,
				3351C7F32478059B00BECA3A /* ListViewController.swift in Sources */,
				3351C7EF2478059B00BECA3A /* AppDelegate.swift in Sources */,
				3351C807247813A800BECA3A /* DetailNodeViewController.swift in Sources */,
				3351C7F12478059B00BECA3A /* SceneDelegate.swift in Sources */,
			);
			runOnlyForDeploymentPostprocessing = 0;
		};
/* End PBXSourcesBuildPhase section */

/* Begin PBXVariantGroup section */
		3351C7F42478059B00BECA3A /* Main.storyboard */ = {
			isa = PBXVariantGroup;
			children = (
				3351C7F52478059B00BECA3A /* Base */,
			);
			name = Main.storyboard;
			sourceTree = "<group>";
		};
		3351C7F92478059F00BECA3A /* LaunchScreen.storyboard */ = {
			isa = PBXVariantGroup;
			children = (
				3351C7FA2478059F00BECA3A /* Base */,
			);
			name = LaunchScreen.storyboard;
			sourceTree = "<group>";
		};
/* End PBXVariantGroup section */

/* Begin XCBuildConfiguration section */
		3351C7FD2478059F00BECA3A /* Debug */ = {
			isa = XCBuildConfiguration;
			buildSettings = {
				ALWAYS_SEARCH_USER_PATHS = NO;
				CLANG_ANALYZER_NONNULL = YES;
				CLANG_ANALYZER_NUMBER_OBJECT_CONVERSION = YES_AGGRESSIVE;
				CLANG_CXX_LANGUAGE_STANDARD = "gnu++14";
				CLANG_CXX_LIBRARY = "libc++";
				CLANG_ENABLE_MODULES = YES;
				CLANG_ENABLE_OBJC_ARC = YES;
				CLANG_ENABLE_OBJC_WEAK = YES;
				CLANG_WARN_BLOCK_CAPTURE_AUTORELEASING = YES;
				CLANG_WARN_BOOL_CONVERSION = YES;
				CLANG_WARN_COMMA = YES;
				CLANG_WARN_CONSTANT_CONVERSION = YES;
				CLANG_WARN_DEPRECATED_OBJC_IMPLEMENTATIONS = YES;
				CLANG_WARN_DIRECT_OBJC_ISA_USAGE = YES_ERROR;
				CLANG_WARN_DOCUMENTATION_COMMENTS = YES;
				CLANG_WARN_EMPTY_BODY = YES;
				CLANG_WARN_ENUM_CONVERSION = YES;
				CLANG_WARN_INFINITE_RECURSION = YES;
				CLANG_WARN_INT_CONVERSION = YES;
				CLANG_WARN_NON_LITERAL_NULL_CONVERSION = YES;
				CLANG_WARN_OBJC_IMPLICIT_RETAIN_SELF = YES;
				CLANG_WARN_OBJC_LITERAL_CONVERSION = YES;
				CLANG_WARN_OBJC_ROOT_CLASS = YES_ERROR;
				CLANG_WARN_RANGE_LOOP_ANALYSIS = YES;
				CLANG_WARN_STRICT_PROTOTYPES = YES;
				CLANG_WARN_SUSPICIOUS_MOVE = YES;
				CLANG_WARN_UNGUARDED_AVAILABILITY = YES_AGGRESSIVE;
				CLANG_WARN_UNREACHABLE_CODE = YES;
				CLANG_WARN__DUPLICATE_METHOD_MATCH = YES;
				COPY_PHASE_STRIP = NO;
				DEBUG_INFORMATION_FORMAT = dwarf;
				ENABLE_STRICT_OBJC_MSGSEND = YES;
				ENABLE_TESTABILITY = YES;
				GCC_C_LANGUAGE_STANDARD = gnu11;
				GCC_DYNAMIC_NO_PIC = NO;
				GCC_NO_COMMON_BLOCKS = YES;
				GCC_OPTIMIZATION_LEVEL = 0;
				GCC_PREPROCESSOR_DEFINITIONS = (
					"DEBUG=1",
					"$(inherited)",
				);
				GCC_WARN_64_TO_32_BIT_CONVERSION = YES;
				GCC_WARN_ABOUT_RETURN_TYPE = YES_ERROR;
				GCC_WARN_UNDECLARED_SELECTOR = YES;
				GCC_WARN_UNINITIALIZED_AUTOS = YES_AGGRESSIVE;
				GCC_WARN_UNUSED_FUNCTION = YES;
				GCC_WARN_UNUSED_VARIABLE = YES;
				IPHONEOS_DEPLOYMENT_TARGET = 13.2;
				MTL_ENABLE_DEBUG_INFO = INCLUDE_SOURCE;
				MTL_FAST_MATH = YES;
				ONLY_ACTIVE_ARCH = YES;
				SDKROOT = iphoneos;
				SWIFT_ACTIVE_COMPILATION_CONDITIONS = DEBUG;
				SWIFT_OPTIMIZATION_LEVEL = "-Onone";
			};
			name = Debug;
		};
		3351C7FE2478059F00BECA3A /* Release */ = {
			isa = XCBuildConfiguration;
			buildSettings = {
				ALWAYS_SEARCH_USER_PATHS = NO;
				CLANG_ANALYZER_NONNULL = YES;
				CLANG_ANALYZER_NUMBER_OBJECT_CONVERSION = YES_AGGRESSIVE;
				CLANG_CXX_LANGUAGE_STANDARD = "gnu++14";
				CLANG_CXX_LIBRARY = "libc++";
				CLANG_ENABLE_MODULES = YES;
				CLANG_ENABLE_OBJC_ARC = YES;
				CLANG_ENABLE_OBJC_WEAK = YES;
				CLANG_WARN_BLOCK_CAPTURE_AUTORELEASING = YES;
				CLANG_WARN_BOOL_CONVERSION = YES;
				CLANG_WARN_COMMA = YES;
				CLANG_WARN_CONSTANT_CONVERSION = YES;
				CLANG_WARN_DEPRECATED_OBJC_IMPLEMENTATIONS = YES;
				CLANG_WARN_DIRECT_OBJC_ISA_USAGE = YES_ERROR;
				CLANG_WARN_DOCUMENTATION_COMMENTS = YES;
				CLANG_WARN_EMPTY_BODY = YES;
				CLANG_WARN_ENUM_CONVERSION = YES;
				CLANG_WARN_INFINITE_RECURSION = YES;
				CLANG_WARN_INT_CONVERSION = YES;
				CLANG_WARN_NON_LITERAL_NULL_CONVERSION = YES;
				CLANG_WARN_OBJC_IMPLICIT_RETAIN_SELF = YES;
				CLANG_WARN_OBJC_LITERAL_CONVERSION = YES;
				CLANG_WARN_OBJC_ROOT_CLASS = YES_ERROR;
				CLANG_WARN_RANGE_LOOP_ANALYSIS = YES;
				CLANG_WARN_STRICT_PROTOTYPES = YES;
				CLANG_WARN_SUSPICIOUS_MOVE = YES;
				CLANG_WARN_UNGUARDED_AVAILABILITY = YES_AGGRESSIVE;
				CLANG_WARN_UNREACHABLE_CODE = YES;
				CLANG_WARN__DUPLICATE_METHOD_MATCH = YES;
				COPY_PHASE_STRIP = NO;
				DEBUG_INFORMATION_FORMAT = "dwarf-with-dsym";
				ENABLE_NS_ASSERTIONS = NO;
				ENABLE_STRICT_OBJC_MSGSEND = YES;
				GCC_C_LANGUAGE_STANDARD = gnu11;
				GCC_NO_COMMON_BLOCKS = YES;
				GCC_WARN_64_TO_32_BIT_CONVERSION = YES;
				GCC_WARN_ABOUT_RETURN_TYPE = YES_ERROR;
				GCC_WARN_UNDECLARED_SELECTOR = YES;
				GCC_WARN_UNINITIALIZED_AUTOS = YES_AGGRESSIVE;
				GCC_WARN_UNUSED_FUNCTION = YES;
				GCC_WARN_UNUSED_VARIABLE = YES;
				IPHONEOS_DEPLOYMENT_TARGET = 13.2;
				MTL_ENABLE_DEBUG_INFO = NO;
				MTL_FAST_MATH = YES;
				SDKROOT = iphoneos;
				SWIFT_COMPILATION_MODE = wholemodule;
				SWIFT_OPTIMIZATION_LEVEL = "-O";
				VALIDATE_PRODUCT = YES;
			};
			name = Release;
		};
		3351C8002478059F00BECA3A /* Debug */ = {
			isa = XCBuildConfiguration;
			baseConfigurationReference = 1F07FE1DC1B30E4219862B7D /* Pods-maumNote.debug.xcconfig */;
			buildSettings = {
				ASSETCATALOG_COMPILER_APPICON_NAME = AppIcon;
				CODE_SIGN_STYLE = Automatic;
				DEVELOPMENT_TEAM = 2N6GUCNLQH;
				INFOPLIST_FILE = maumNote/Info.plist;
				LD_RUNPATH_SEARCH_PATHS = (
					"$(inherited)",
					"@executable_path/Frameworks",
				);
				PRODUCT_BUNDLE_IDENTIFIER = me.kiljh.maumNote;
				PRODUCT_NAME = "$(TARGET_NAME)";
				SWIFT_VERSION = 5.0;
				TARGETED_DEVICE_FAMILY = "1,2";
			};
			name = Debug;
		};
		3351C8012478059F00BECA3A /* Release */ = {
			isa = XCBuildConfiguration;
			baseConfigurationReference = 386A2C7E344E199A548A1779 /* Pods-maumNote.release.xcconfig */;
			buildSettings = {
				ASSETCATALOG_COMPILER_APPICON_NAME = AppIcon;
				CODE_SIGN_STYLE = Automatic;
				DEVELOPMENT_TEAM = 2N6GUCNLQH;
				INFOPLIST_FILE = maumNote/Info.plist;
				LD_RUNPATH_SEARCH_PATHS = (
					"$(inherited)",
					"@executable_path/Frameworks",
				);
				PRODUCT_BUNDLE_IDENTIFIER = me.kiljh.maumNote;
				PRODUCT_NAME = "$(TARGET_NAME)";
				SWIFT_VERSION = 5.0;
				TARGETED_DEVICE_FAMILY = "1,2";
			};
			name = Release;
		};
/* End XCBuildConfiguration section */

/* Begin XCConfigurationList section */
		3351C7E62478059B00BECA3A /* Build configuration list for PBXProject "maumNote" */ = {
			isa = XCConfigurationList;
			buildConfigurations = (
				3351C7FD2478059F00BECA3A /* Debug */,
				3351C7FE2478059F00BECA3A /* Release */,
			);
			defaultConfigurationIsVisible = 0;
			defaultConfigurationName = Release;
		};
		3351C7FF2478059F00BECA3A /* Build configuration list for PBXNativeTarget "maumNote" */ = {
			isa = XCConfigurationList;
			buildConfigurations = (
				3351C8002478059F00BECA3A /* Debug */,
				3351C8012478059F00BECA3A /* Release */,
			);
			defaultConfigurationIsVisible = 0;
			defaultConfigurationName = Release;
		};
/* End XCConfigurationList section */
	};
	rootObject = 3351C7E32478059B00BECA3A /* Project object */;
}
